
Microsoft Visual Studio Solution File, Format Version 12.00
# Visual Studio Version 16
VisualStudioVersion = 16.0.29411.108
MinimumVisualStudioVersion = 10.0.40219.1
Project("{FAE04EC0-301F-11D3-BF4B-00C04F79EFBC}") = "Es3_SqlServer", "Es3_SqlServer\Es3_SqlServer.csproj", "{A0FC0968-1CC8-46AC-8871-0D2FF89CAA6F}"
EndProject
Global
	GlobalSection(SolutionConfigurationPlatforms) = preSolution
		Debug|Any CPU = Debug|Any CPU
		Release|Any CPU = Release|Any CPU
	EndGlobalSection
	GlobalSection(ProjectConfigurationPlatforms) = postSolution
		{A0FC0968-1CC8-46AC-8871-0D2FF89CAA6F}.Debug|Any CPU.ActiveCfg = Debug|Any CPU
		{A0FC0968-1CC8-46AC-8871-0D2FF89CAA6F}.Debug|Any CPU.Build.0 = Debug|Any CPU
		{A0FC0968-1CC8-46AC-8871-0D2FF89CAA6F}.Release|Any CPU.ActiveCfg = Release|Any CPU
		{A0FC0968-1CC8-46AC-8871-0D2FF89CAA6F}.Release|Any CPU.Build.0 = Release|Any CPU
	EndGlobalSection
	GlobalSection(SolutionProperties) = preSolution
		HideSolutionNode = FALSE
	EndGlobalSection
	GlobalSection(ExtensibilityGlobals) = postSolution
		SolutionGuid = {659F588F-2104-42CE-8651-3EBC9900D074}
	EndGlobalSection
EndGlobal
