
Microsoft Visual Studio Solution File, Format Version 12.00
# Visual Studio Version 16
VisualStudioVersion = 16.0.29411.108
MinimumVisualStudioVersion = 10.0.40219.1
Project("{9092AA53-FB77-4645-B42D-1CCCA6BD08BD}") = "Es03_SessionLogin", "Es03_SessionLogin\Es03_SessionLogin.njsproj", "{21D890C5-3F47-45EB-8630-E6B401C7DE2C}"
EndProject
Global
	GlobalSection(SolutionConfigurationPlatforms) = preSolution
		Debug|Any CPU = Debug|Any CPU
		Release|Any CPU = Release|Any CPU
	EndGlobalSection
	GlobalSection(ProjectConfigurationPlatforms) = postSolution
		{21D890C5-3F47-45EB-8630-E6B401C7DE2C}.Debug|Any CPU.ActiveCfg = Debug|Any CPU
		{21D890C5-3F47-45EB-8630-E6B401C7DE2C}.Debug|Any CPU.Build.0 = Debug|Any CPU
		{21D890C5-3F47-45EB-8630-E6B401C7DE2C}.Release|Any CPU.ActiveCfg = Release|Any CPU
		{21D890C5-3F47-45EB-8630-E6B401C7DE2C}.Release|Any CPU.Build.0 = Release|Any CPU
	EndGlobalSection
	GlobalSection(SolutionProperties) = preSolution
		HideSolutionNode = FALSE
	EndGlobalSection
	GlobalSection(ExtensibilityGlobals) = postSolution
		SolutionGuid = {8AD231D2-5703-4CAF-BEBF-581D819C6F8C}
	EndGlobalSection
EndGlobal
