
Microsoft Visual Studio Solution File, Format Version 12.00
# Visual Studio Version 16
VisualStudioVersion = 16.0.29306.81
MinimumVisualStudioVersion = 10.0.40219.1
Project("{FAE04EC0-301F-11D3-BF4B-00C04F79EFBC}") = "Socket_01", "Socket_01\Socket_01.csproj", "{D014238E-9807-4208-9122-0E427EF54970}"
EndProject
Global
	GlobalSection(SolutionConfigurationPlatforms) = preSolution
		Debug|Any CPU = Debug|Any CPU
		Release|Any CPU = Release|Any CPU
	EndGlobalSection
	GlobalSection(ProjectConfigurationPlatforms) = postSolution
		{D014238E-9807-4208-9122-0E427EF54970}.Debug|Any CPU.ActiveCfg = Debug|Any CPU
		{D014238E-9807-4208-9122-0E427EF54970}.Debug|Any CPU.Build.0 = Debug|Any CPU
		{D014238E-9807-4208-9122-0E427EF54970}.Release|Any CPU.ActiveCfg = Release|Any CPU
		{D014238E-9807-4208-9122-0E427EF54970}.Release|Any CPU.Build.0 = Release|Any CPU
	EndGlobalSection
	GlobalSection(SolutionProperties) = preSolution
		HideSolutionNode = FALSE
	EndGlobalSection
	GlobalSection(ExtensibilityGlobals) = postSolution
		SolutionGuid = {5147795D-2491-428C-9E51-EF6A1D536401}
	EndGlobalSection
EndGlobal
