
Microsoft Visual Studio Solution File, Format Version 12.00
# Visual Studio Version 16
VisualStudioVersion = 16.0.29411.108
MinimumVisualStudioVersion = 10.0.40219.1
Project("{9092AA53-FB77-4645-B42D-1CCCA6BD08BD}") = "Es02_SessionContatoreVisite", "Es02_SessionContatoreVisite\Es02_SessionContatoreVisite.njsproj", "{0D913514-6A26-43DE-B87A-9D8E027862D8}"
EndProject
Global
	GlobalSection(SolutionConfigurationPlatforms) = preSolution
		Debug|Any CPU = Debug|Any CPU
		Release|Any CPU = Release|Any CPU
	EndGlobalSection
	GlobalSection(ProjectConfigurationPlatforms) = postSolution
		{0D913514-6A26-43DE-B87A-9D8E027862D8}.Debug|Any CPU.ActiveCfg = Debug|Any CPU
		{0D913514-6A26-43DE-B87A-9D8E027862D8}.Debug|Any CPU.Build.0 = Debug|Any CPU
		{0D913514-6A26-43DE-B87A-9D8E027862D8}.Release|Any CPU.ActiveCfg = Release|Any CPU
		{0D913514-6A26-43DE-B87A-9D8E027862D8}.Release|Any CPU.Build.0 = Release|Any CPU
	EndGlobalSection
	GlobalSection(SolutionProperties) = preSolution
		HideSolutionNode = FALSE
	EndGlobalSection
	GlobalSection(ExtensibilityGlobals) = postSolution
		SolutionGuid = {2DD48CB7-4D70-40FD-A24F-EF7B12285287}
	EndGlobalSection
EndGlobal
